
Microsoft Visual Studio Solution File, Format Version 12.00
# Visual Studio Version 17
VisualStudioVersion = 17.3.32922.545
MinimumVisualStudioVersion = 10.0.40219.1
Project("{9A19103F-16F7-4668-BE54-9A1E7A4F7556}") = "Rep_Crime.01_Crime.API", "Rep_Crime.01_Crime.API\Rep_Crime.01_Crime.API.csproj", "{AE1EE03A-0BCB-42CC-BD43-AC5C57E271CC}"
EndProject
Project("{9A19103F-16F7-4668-BE54-9A1E7A4F7556}") = "Commons", "Commons\Commons.csproj", "{BAEF6B52-DE1B-4099-9D72-24BC3B3BEDF3}"
EndProject
Project("{9A19103F-16F7-4668-BE54-9A1E7A4F7556}") = "Rep_Crime.01_LawEnforcement.API", "Rep_Crime.01_LawEnforcement.API\Rep_Crime.01_LawEnforcement.API.csproj", "{AD51074E-31E8-4DD5-8B15-8CD7878DD28D}"
EndProject
Project("{E53339B2-1760-4266-BCC7-CA923CBCF16C}") = "docker-compose", "docker-compose.dcproj", "{1946AB85-AFC9-4A8B-AD8B-247513F1BC5D}"
EndProject
Global
	GlobalSection(SolutionConfigurationPlatforms) = preSolution
		Debug|Any CPU = Debug|Any CPU
		Release|Any CPU = Release|Any CPU
	EndGlobalSection
	GlobalSection(ProjectConfigurationPlatforms) = postSolution
		{AE1EE03A-0BCB-42CC-BD43-AC5C57E271CC}.Debug|Any CPU.ActiveCfg = Debug|Any CPU
		{AE1EE03A-0BCB-42CC-BD43-AC5C57E271CC}.Debug|Any CPU.Build.0 = Debug|Any CPU
		{AE1EE03A-0BCB-42CC-BD43-AC5C57E271CC}.Release|Any CPU.ActiveCfg = Release|Any CPU
		{AE1EE03A-0BCB-42CC-BD43-AC5C57E271CC}.Release|Any CPU.Build.0 = Release|Any CPU
		{BAEF6B52-DE1B-4099-9D72-24BC3B3BEDF3}.Debug|Any CPU.ActiveCfg = Debug|Any CPU
		{BAEF6B52-DE1B-4099-9D72-24BC3B3BEDF3}.Debug|Any CPU.Build.0 = Debug|Any CPU
		{BAEF6B52-DE1B-4099-9D72-24BC3B3BEDF3}.Release|Any CPU.ActiveCfg = Release|Any CPU
		{BAEF6B52-DE1B-4099-9D72-24BC3B3BEDF3}.Release|Any CPU.Build.0 = Release|Any CPU
		{AD51074E-31E8-4DD5-8B15-8CD7878DD28D}.Debug|Any CPU.ActiveCfg = Debug|Any CPU
		{AD51074E-31E8-4DD5-8B15-8CD7878DD28D}.Debug|Any CPU.Build.0 = Debug|Any CPU
		{AD51074E-31E8-4DD5-8B15-8CD7878DD28D}.Release|Any CPU.ActiveCfg = Release|Any CPU
		{AD51074E-31E8-4DD5-8B15-8CD7878DD28D}.Release|Any CPU.Build.0 = Release|Any CPU
		{1946AB85-AFC9-4A8B-AD8B-247513F1BC5D}.Debug|Any CPU.ActiveCfg = Debug|Any CPU
		{1946AB85-AFC9-4A8B-AD8B-247513F1BC5D}.Debug|Any CPU.Build.0 = Debug|Any CPU
		{1946AB85-AFC9-4A8B-AD8B-247513F1BC5D}.Release|Any CPU.ActiveCfg = Release|Any CPU
		{1946AB85-AFC9-4A8B-AD8B-247513F1BC5D}.Release|Any CPU.Build.0 = Release|Any CPU
	EndGlobalSection
	GlobalSection(SolutionProperties) = preSolution
		HideSolutionNode = FALSE
	EndGlobalSection
	GlobalSection(ExtensibilityGlobals) = postSolution
		SolutionGuid = {5AB127C1-7F3E-432D-962E-56C981B16D78}
	EndGlobalSection
EndGlobal
